
Microsoft Visual Studio Solution File, Format Version 12.00
# Visual Studio Version 17
VisualStudioVersion = 17.10.35027.167
MinimumVisualStudioVersion = 10.0.40219.1
Project("{FAE04EC0-301F-11D3-BF4B-00C04F79EFBC}") = "SportsStore", "SportsStore\SportsStore.csproj", "{587EA727-B845-41D6-8045-C51C0C54145E}"
EndProject
Project("{FAE04EC0-301F-11D3-BF4B-00C04F79EFBC}") = "SportsStore.Tests", "SportsStore.Tests\SportsStore.Tests.csproj", "{4DA9D2DA-E402-4CF3-B2A9-ED848EC63F28}"
EndProject
Global
	GlobalSection(SolutionConfigurationPlatforms) = preSolution
		Debug|Any CPU = Debug|Any CPU
		Release|Any CPU = Release|Any CPU
	EndGlobalSection
	GlobalSection(ProjectConfigurationPlatforms) = postSolution
		{587EA727-B845-41D6-8045-C51C0C54145E}.Debug|Any CPU.ActiveCfg = Debug|Any CPU
		{587EA727-B845-41D6-8045-C51C0C54145E}.Debug|Any CPU.Build.0 = Debug|Any CPU
		{587EA727-B845-41D6-8045-C51C0C54145E}.Release|Any CPU.ActiveCfg = Release|Any CPU
		{587EA727-B845-41D6-8045-C51C0C54145E}.Release|Any CPU.Build.0 = Release|Any CPU
		{4DA9D2DA-E402-4CF3-B2A9-ED848EC63F28}.Debug|Any CPU.ActiveCfg = Debug|Any CPU
		{4DA9D2DA-E402-4CF3-B2A9-ED848EC63F28}.Debug|Any CPU.Build.0 = Debug|Any CPU
		{4DA9D2DA-E402-4CF3-B2A9-ED848EC63F28}.Release|Any CPU.ActiveCfg = Release|Any CPU
		{4DA9D2DA-E402-4CF3-B2A9-ED848EC63F28}.Release|Any CPU.Build.0 = Release|Any CPU
	EndGlobalSection
	GlobalSection(SolutionProperties) = preSolution
		HideSolutionNode = FALSE
	EndGlobalSection
	GlobalSection(ExtensibilityGlobals) = postSolution
		SolutionGuid = {B825F0A1-5192-42DA-951E-3EB1A637246C}
	EndGlobalSection
EndGlobal
